
Microsoft Visual Studio Solution File, Format Version 12.00
# Visual Studio Version 17
VisualStudioVersion = 17.8.34525.116
MinimumVisualStudioVersion = 10.0.40219.1
Project("{FAE04EC0-301F-11D3-BF4B-00C04F79EFBC}") = "RecipeApp1", "RecipeApp1\RecipeApp1.csproj", "{82425BA2-02D4-4191-A8BE-6159A774650A}"
EndProject
Global
	GlobalSection(SolutionConfigurationPlatforms) = preSolution
		Debug|Any CPU = Debug|Any CPU
		Release|Any CPU = Release|Any CPU
	EndGlobalSection
	GlobalSection(ProjectConfigurationPlatforms) = postSolution
		{82425BA2-02D4-4191-A8BE-6159A774650A}.Debug|Any CPU.ActiveCfg = Debug|Any CPU
		{82425BA2-02D4-4191-A8BE-6159A774650A}.Debug|Any CPU.Build.0 = Debug|Any CPU
		{82425BA2-02D4-4191-A8BE-6159A774650A}.Release|Any CPU.ActiveCfg = Release|Any CPU
		{82425BA2-02D4-4191-A8BE-6159A774650A}.Release|Any CPU.Build.0 = Release|Any CPU
	EndGlobalSection
	GlobalSection(SolutionProperties) = preSolution
		HideSolutionNode = FALSE
	EndGlobalSection
	GlobalSection(ExtensibilityGlobals) = postSolution
		SolutionGuid = {6DB805C4-C372-42E3-87B9-CE1B175A6CF3}
	EndGlobalSection
EndGlobal
